
Microsoft Visual Studio Solution File, Format Version 12.00
# Visual Studio Version 17
VisualStudioVersion = 17.11.35327.3
MinimumVisualStudioVersion = 10.0.40219.1
Project("{FAE04EC0-301F-11D3-BF4B-00C04F79EFBC}") = "PhoneCallWriterWinService", "PhoneCallWriterWinService\PhoneCallWriterWinService.csproj", "{0717C511-BC64-4B2C-AEAB-889A0E1DC304}"
EndProject
Project("{FAE04EC0-301F-11D3-BF4B-00C04F79EFBC}") = "CallOpetatorWebApp", "CallOpetatorWebApp\CallOpetatorWebApp.csproj", "{2603D311-ACED-49E9-9D99-00C1F2F97B79}"
EndProject
Project("{FAE04EC0-301F-11D3-BF4B-00C04F79EFBC}") = "GenerateCallClientsDataConsole", "GenerateCallClientsDataConsole\GenerateCallClientsDataConsole.csproj", "{E7B3C5A7-2CDF-4411-BEBA-47D107ADB428}"
EndProject
Project("{FAE04EC0-301F-11D3-BF4B-00C04F79EFBC}") = "GenerateCallClientsDataConsole.UnitTests", "GenerateCallClientsDataConsole.UnitTests\GenerateCallClientsDataConsole.UnitTests.csproj", "{C2896449-1031-4B96-84F2-3AFBCC2ED763}"
EndProject
Project("{D954291E-2A0B-460D-934E-DC6B0785DB48}") = "Shared.Common", "Shared.Common\Shared.Common.shproj", "{BF01D658-5BD0-48BD-BE20-79E6ADACC5D6}"
EndProject
Global
	GlobalSection(SolutionConfigurationPlatforms) = preSolution
		Debug|Any CPU = Debug|Any CPU
		Release|Any CPU = Release|Any CPU
	EndGlobalSection
	GlobalSection(ProjectConfigurationPlatforms) = postSolution
		{0717C511-BC64-4B2C-AEAB-889A0E1DC304}.Debug|Any CPU.ActiveCfg = Debug|Any CPU
		{0717C511-BC64-4B2C-AEAB-889A0E1DC304}.Debug|Any CPU.Build.0 = Debug|Any CPU
		{0717C511-BC64-4B2C-AEAB-889A0E1DC304}.Release|Any CPU.ActiveCfg = Release|Any CPU
		{0717C511-BC64-4B2C-AEAB-889A0E1DC304}.Release|Any CPU.Build.0 = Release|Any CPU
		{2603D311-ACED-49E9-9D99-00C1F2F97B79}.Debug|Any CPU.ActiveCfg = Debug|Any CPU
		{2603D311-ACED-49E9-9D99-00C1F2F97B79}.Debug|Any CPU.Build.0 = Debug|Any CPU
		{2603D311-ACED-49E9-9D99-00C1F2F97B79}.Release|Any CPU.ActiveCfg = Release|Any CPU
		{2603D311-ACED-49E9-9D99-00C1F2F97B79}.Release|Any CPU.Build.0 = Release|Any CPU
		{E7B3C5A7-2CDF-4411-BEBA-47D107ADB428}.Debug|Any CPU.ActiveCfg = Debug|Any CPU
		{E7B3C5A7-2CDF-4411-BEBA-47D107ADB428}.Debug|Any CPU.Build.0 = Debug|Any CPU
		{E7B3C5A7-2CDF-4411-BEBA-47D107ADB428}.Release|Any CPU.ActiveCfg = Release|Any CPU
		{E7B3C5A7-2CDF-4411-BEBA-47D107ADB428}.Release|Any CPU.Build.0 = Release|Any CPU
		{C2896449-1031-4B96-84F2-3AFBCC2ED763}.Debug|Any CPU.ActiveCfg = Debug|Any CPU
		{C2896449-1031-4B96-84F2-3AFBCC2ED763}.Debug|Any CPU.Build.0 = Debug|Any CPU
		{C2896449-1031-4B96-84F2-3AFBCC2ED763}.Release|Any CPU.ActiveCfg = Release|Any CPU
		{C2896449-1031-4B96-84F2-3AFBCC2ED763}.Release|Any CPU.Build.0 = Release|Any CPU
	EndGlobalSection
	GlobalSection(SolutionProperties) = preSolution
		HideSolutionNode = FALSE
	EndGlobalSection
	GlobalSection(ExtensibilityGlobals) = postSolution
		SolutionGuid = {410E3E48-096E-412D-ACB2-BB45751A23CE}
	EndGlobalSection
	GlobalSection(SharedMSBuildProjectFiles) = preSolution
		Shared.Common\Shared.Common.projitems*{0717c511-bc64-4b2c-aeab-889a0e1dc304}*SharedItemsImports = 4
		Shared.Common\Shared.Common.projitems*{2603d311-aced-49e9-9d99-00c1f2f97b79}*SharedItemsImports = 5
		Shared.Common\Shared.Common.projitems*{bf01d658-5bd0-48bd-be20-79e6adacc5d6}*SharedItemsImports = 13
		Shared.Common\Shared.Common.projitems*{e7b3c5a7-2cdf-4411-beba-47d107adb428}*SharedItemsImports = 5
	EndGlobalSection
EndGlobal
